
Microsoft Visual Studio Solution File, Format Version 12.00
# Visual Studio Version 17
VisualStudioVersion = 17.4.33213.308
MinimumVisualStudioVersion = 10.0.40219.1
Project("{FAE04EC0-301F-11D3-BF4B-00C04F79EFBC}") = "Assignment_1_0215", "Assignment_1_0215.csproj", "{7A9F4DE8-8CD4-4542-86CF-678180EFB01A}"
EndProject
Global
	GlobalSection(SolutionConfigurationPlatforms) = preSolution
		Debug|Any CPU = Debug|Any CPU
		Release|Any CPU = Release|Any CPU
	EndGlobalSection
	GlobalSection(ProjectConfigurationPlatforms) = postSolution
		{7A9F4DE8-8CD4-4542-86CF-678180EFB01A}.Debug|Any CPU.ActiveCfg = Debug|Any CPU
		{7A9F4DE8-8CD4-4542-86CF-678180EFB01A}.Debug|Any CPU.Build.0 = Debug|Any CPU
		{7A9F4DE8-8CD4-4542-86CF-678180EFB01A}.Release|Any CPU.ActiveCfg = Release|Any CPU
		{7A9F4DE8-8CD4-4542-86CF-678180EFB01A}.Release|Any CPU.Build.0 = Release|Any CPU
	EndGlobalSection
	GlobalSection(SolutionProperties) = preSolution
		HideSolutionNode = FALSE
	EndGlobalSection
	GlobalSection(ExtensibilityGlobals) = postSolution
		SolutionGuid = {8546BF19-11E2-498F-BE98-6F5906093633}
	EndGlobalSection
EndGlobal
